# Release lock for v2.0.0-alpha1: the exact components every alpha1 package must be built from.
# Checked against the built packages by tools/check_release.sh (see release/README.md).
# Format: ini. [section] lines, `key = value` lines, `#` comment lines (a comment never follows a value).
# Keys read by the checker: release.version/channel/sdk, launcher.commit, emunxt.describe, emu.describe,
# ext_store.version, pscbios.version. The rest is the record of what was pinned and is not checkable in a package.

[release]
# the version the packages show (VERSION file, the launcher's version string); a package may append -<launcher hash>
version = v2.0.0-alpha1
# the channel the launcher is built with (AB_BUILD_CHANNEL): dev | nightly | prerelease | release
channel = prerelease
# the extension ABI (the number after sdk= in the SDK stamp of the launcher and of every extension)
sdk = 8
targets = psc rpi rpi64 pcusb win
# win ships two release files: the product package (with the emulators) and the installer (the plain zip is the dev-host build)
win_files = product installer

[launcher]
repo = autobleem
branch = develop
commit = 306ba7d4

[core]
repo = autobleem-core
commit = 5ba81a0

[themes]
repo = autobleem-themes
commit = a9f8045

[emunxt]
repo = pcsx-abnxt
commit = 5fd8c6fb
describe = v2.0.0-alpha0-14-g5fd8c6fb

[libpicofe]
repo = libpicofe
commit = 5ffbdd5

[emu]
repo = pcsx-ab
commit = 02f6d83
describe = v1.1-final

[ext_store]
repo = ext_store
commit = 054c015
# the extension.ini Version of the bundled Store
version = 1.0.1

[pscbios]
repo = console-tools
commit = d37e6da
# the extension.ini Version of the bundled PSC-Bios
version = 2.0.0
